
Microsoft Visual Studio Solution File, Format Version 12.00
Project("{FAE04EC0-301F-11D3-BF4B-00C04F79EFBC}") = "Api", "src\server\Api\Api.csproj", "{3E3722D5-B17A-4C29-AF1F-F8A867A69CFD}"
EndProject
Project("{FAE04EC0-301F-11D3-BF4B-00C04F79EFBC}") = "Application", "src\server\Application\Application.csproj", "{0D3A2BBF-FB9A-4687-9A75-3BABA4AAFA4E}"
EndProject
Project("{FAE04EC0-301F-11D3-BF4B-00C04F79EFBC}") = "Infrastructure", "src\server\Infrastructure\Infrastructure.csproj", "{933F735F-81E7-480B-BC5D-A86A331FE375}"
EndProject
Global
	GlobalSection(SolutionConfigurationPlatforms) = preSolution
		Debug|Any CPU = Debug|Any CPU
		Debug|x64 = Debug|x64
		Debug|x86 = Debug|x86
		Release|Any CPU = Release|Any CPU
		Release|x64 = Release|x64
		Release|x86 = Release|x86
	EndGlobalSection
	GlobalSection(ProjectConfigurationPlatforms) = postSolution
		{3E3722D5-B17A-4C29-AF1F-F8A867A69CFD}.Debug|Any CPU.ActiveCfg = Debug|Any CPU
		{3E3722D5-B17A-4C29-AF1F-F8A867A69CFD}.Debug|Any CPU.Build.0 = Debug|Any CPU
		{3E3722D5-B17A-4C29-AF1F-F8A867A69CFD}.Debug|x64.ActiveCfg = Debug|Any CPU
		{3E3722D5-B17A-4C29-AF1F-F8A867A69CFD}.Debug|x64.Build.0 = Debug|Any CPU
		{3E3722D5-B17A-4C29-AF1F-F8A867A69CFD}.Debug|x86.ActiveCfg = Debug|Any CPU
		{3E3722D5-B17A-4C29-AF1F-F8A867A69CFD}.Debug|x86.Build.0 = Debug|Any CPU
		{3E3722D5-B17A-4C29-AF1F-F8A867A69CFD}.Release|Any CPU.ActiveCfg = Release|Any CPU
		{3E3722D5-B17A-4C29-AF1F-F8A867A69CFD}.Release|Any CPU.Build.0 = Release|Any CPU
		{3E3722D5-B17A-4C29-AF1F-F8A867A69CFD}.Release|x64.ActiveCfg = Release|Any CPU
		{3E3722D5-B17A-4C29-AF1F-F8A867A69CFD}.Release|x64.Build.0 = Release|Any CPU
		{3E3722D5-B17A-4C29-AF1F-F8A867A69CFD}.Release|x86.ActiveCfg = Release|Any CPU
		{3E3722D5-B17A-4C29-AF1F-F8A867A69CFD}.Release|x86.Build.0 = Release|Any CPU
		{0D3A2BBF-FB9A-4687-9A75-3BABA4AAFA4E}.Debug|Any CPU.ActiveCfg = Debug|Any CPU
		{0D3A2BBF-FB9A-4687-9A75-3BABA4AAFA4E}.Debug|Any CPU.Build.0 = Debug|Any CPU
		{0D3A2BBF-FB9A-4687-9A75-3BABA4AAFA4E}.Debug|x64.ActiveCfg = Debug|Any CPU
		{0D3A2BBF-FB9A-4687-9A75-3BABA4AAFA4E}.Debug|x64.Build.0 = Debug|Any CPU
		{0D3A2BBF-FB9A-4687-9A75-3BABA4AAFA4E}.Debug|x86.ActiveCfg = Debug|Any CPU
		{0D3A2BBF-FB9A-4687-9A75-3BABA4AAFA4E}.Debug|x86.Build.0 = Debug|Any CPU
		{0D3A2BBF-FB9A-4687-9A75-3BABA4AAFA4E}.Release|Any CPU.ActiveCfg = Release|Any CPU
		{0D3A2BBF-FB9A-4687-9A75-3BABA4AAFA4E}.Release|Any CPU.Build.0 = Release|Any CPU
		{0D3A2BBF-FB9A-4687-9A75-3BABA4AAFA4E}.Release|x64.ActiveCfg = Release|Any CPU
		{0D3A2BBF-FB9A-4687-9A75-3BABA4AAFA4E}.Release|x64.Build.0 = Release|Any CPU
		{0D3A2BBF-FB9A-4687-9A75-3BABA4AAFA4E}.Release|x86.ActiveCfg = Release|Any CPU
		{0D3A2BBF-FB9A-4687-9A75-3BABA4AAFA4E}.Release|x86.Build.0 = Release|Any CPU
		{933F735F-81E7-480B-BC5D-A86A331FE375}.Debug|Any CPU.ActiveCfg = Debug|Any CPU
		{933F735F-81E7-480B-BC5D-A86A331FE375}.Debug|Any CPU.Build.0 = Debug|Any CPU
		{933F735F-81E7-480B-BC5D-A86A331FE375}.Debug|x64.ActiveCfg = Debug|Any CPU
		{933F735F-81E7-480B-BC5D-A86A331FE375}.Debug|x64.Build.0 = Debug|Any CPU
		{933F735F-81E7-480B-BC5D-A86A331FE375}.Debug|x86.ActiveCfg = Debug|Any CPU
		{933F735F-81E7-480B-BC5D-A86A331FE375}.Debug|x86.Build.0 = Debug|Any CPU
		{933F735F-81E7-480B-BC5D-A86A331FE375}.Release|Any CPU.ActiveCfg = Release|Any CPU
		{933F735F-81E7-480B-BC5D-A86A331FE375}.Release|Any CPU.Build.0 = Release|Any CPU
		{933F735F-81E7-480B-BC5D-A86A331FE375}.Release|x64.ActiveCfg = Release|Any CPU
		{933F735F-81E7-480B-BC5D-A86A331FE375}.Release|x64.Build.0 = Release|Any CPU
		{933F735F-81E7-480B-BC5D-A86A331FE375}.Release|x86.ActiveCfg = Release|Any CPU
		{933F735F-81E7-480B-BC5D-A86A331FE375}.Release|x86.Build.0 = Release|Any CPU
	EndGlobalSection
	GlobalSection(SolutionProperties) = preSolution
		HideSolutionNode = FALSE
	EndGlobalSection
	GlobalSection(NestedProjects) = preSolution
	EndGlobalSection
EndGlobal
